
Microsoft Visual Studio Solution File, Format Version 12.00
# Visual Studio Version 16
VisualStudioVersion = 16.0.33529.622
MinimumVisualStudioVersion = 10.0.40219.1
Project("{FAE04EC0-301F-11D3-BF4B-00C04F79EFBC}") = "EmployeMS", "EmployeMS\EmployeMS.csproj", "{16932794-7ADA-4B35-9271-4E275348CE54}"
EndProject
Global
	GlobalSection(SolutionConfigurationPlatforms) = preSolution
		Debug|Any CPU = Debug|Any CPU
		Release|Any CPU = Release|Any CPU
	EndGlobalSection
	GlobalSection(ProjectConfigurationPlatforms) = postSolution
		{16932794-7ADA-4B35-9271-4E275348CE54}.Debug|Any CPU.ActiveCfg = Debug|Any CPU
		{16932794-7ADA-4B35-9271-4E275348CE54}.Debug|Any CPU.Build.0 = Debug|Any CPU
		{16932794-7ADA-4B35-9271-4E275348CE54}.Release|Any CPU.ActiveCfg = Release|Any CPU
		{16932794-7ADA-4B35-9271-4E275348CE54}.Release|Any CPU.Build.0 = Release|Any CPU
	EndGlobalSection
	GlobalSection(SolutionProperties) = preSolution
		HideSolutionNode = FALSE
	EndGlobalSection
	GlobalSection(ExtensibilityGlobals) = postSolution
		SolutionGuid = {ACE190D1-05A4-4191-9735-05A5D7EC9E49}
	EndGlobalSection
EndGlobal
